
Microsoft Visual Studio Solution File, Format Version 12.00
# Visual Studio 15
VisualStudioVersion = 15.0.28010.2016
MinimumVisualStudioVersion = 10.0.40219.1
Project("{FAE04EC0-301F-11D3-BF4B-00C04F79EFBC}") = "mixto2019github", "mixto2019github\mixto2019github.csproj", "{24EB7CB6-B3F2-4AF2-85A2-A75525017442}"
EndProject
Global
	GlobalSection(SolutionConfigurationPlatforms) = preSolution
		Debug|Any CPU = Debug|Any CPU
		Release|Any CPU = Release|Any CPU
	EndGlobalSection
	GlobalSection(ProjectConfigurationPlatforms) = postSolution
		{24EB7CB6-B3F2-4AF2-85A2-A75525017442}.Debug|Any CPU.ActiveCfg = Debug|Any CPU
		{24EB7CB6-B3F2-4AF2-85A2-A75525017442}.Debug|Any CPU.Build.0 = Debug|Any CPU
		{24EB7CB6-B3F2-4AF2-85A2-A75525017442}.Release|Any CPU.ActiveCfg = Release|Any CPU
		{24EB7CB6-B3F2-4AF2-85A2-A75525017442}.Release|Any CPU.Build.0 = Release|Any CPU
	EndGlobalSection
	GlobalSection(SolutionProperties) = preSolution
		HideSolutionNode = FALSE
	EndGlobalSection
	GlobalSection(ExtensibilityGlobals) = postSolution
		SolutionGuid = {A76820AE-AE6C-4981-A4BD-D944D016D489}
	EndGlobalSection
EndGlobal
